
Microsoft Visual Studio Solution File, Format Version 12.00
# Visual Studio 14
VisualStudioVersion = 14.0.25420.1
MinimumVisualStudioVersion = 10.0.40219.1
Project("{FAE04EC0-301F-11D3-BF4B-00C04F79EFBC}") = "EFCore", "EFCore\EFCore.csproj", "{230320FF-3CF5-4931-921C-5A9AF855EA61}"
EndProject
Project("{FAE04EC0-301F-11D3-BF4B-00C04F79EFBC}") = "EF.DataSource", "EF.DataSource\EF.DataSource.csproj", "{C2AB31F7-5823-4949-8988-28FA0749B4CF}"
EndProject
Global
	GlobalSection(SolutionConfigurationPlatforms) = preSolution
		Debug|Any CPU = Debug|Any CPU
		Release|Any CPU = Release|Any CPU
	EndGlobalSection
	GlobalSection(ProjectConfigurationPlatforms) = postSolution
		{230320FF-3CF5-4931-921C-5A9AF855EA61}.Debug|Any CPU.ActiveCfg = Debug|Any CPU
		{230320FF-3CF5-4931-921C-5A9AF855EA61}.Debug|Any CPU.Build.0 = Debug|Any CPU
		{230320FF-3CF5-4931-921C-5A9AF855EA61}.Release|Any CPU.ActiveCfg = Release|Any CPU
		{230320FF-3CF5-4931-921C-5A9AF855EA61}.Release|Any CPU.Build.0 = Release|Any CPU
		{C2AB31F7-5823-4949-8988-28FA0749B4CF}.Debug|Any CPU.ActiveCfg = Debug|Any CPU
		{C2AB31F7-5823-4949-8988-28FA0749B4CF}.Debug|Any CPU.Build.0 = Debug|Any CPU
		{C2AB31F7-5823-4949-8988-28FA0749B4CF}.Release|Any CPU.ActiveCfg = Release|Any CPU
		{C2AB31F7-5823-4949-8988-28FA0749B4CF}.Release|Any CPU.Build.0 = Release|Any CPU
	EndGlobalSection
	GlobalSection(SolutionProperties) = preSolution
		HideSolutionNode = FALSE
	EndGlobalSection
EndGlobal
